
Microsoft Visual Studio Solution File, Format Version 12.00
# Visual Studio Version 17
VisualStudioVersion = 17.6.33815.320
MinimumVisualStudioVersion = 10.0.40219.1
Project("{FAE04EC0-301F-11D3-BF4B-00C04F79EFBC}") = "hometask_17_07", "hometask_17_07\hometask_17_07.csproj", "{455FEE30-069A-4CB1-A822-A53076539D4E}"
EndProject
Global
	GlobalSection(SolutionConfigurationPlatforms) = preSolution
		Debug|Any CPU = Debug|Any CPU
		Release|Any CPU = Release|Any CPU
	EndGlobalSection
	GlobalSection(ProjectConfigurationPlatforms) = postSolution
		{455FEE30-069A-4CB1-A822-A53076539D4E}.Debug|Any CPU.ActiveCfg = Debug|Any CPU
		{455FEE30-069A-4CB1-A822-A53076539D4E}.Debug|Any CPU.Build.0 = Debug|Any CPU
		{455FEE30-069A-4CB1-A822-A53076539D4E}.Release|Any CPU.ActiveCfg = Release|Any CPU
		{455FEE30-069A-4CB1-A822-A53076539D4E}.Release|Any CPU.Build.0 = Release|Any CPU
	EndGlobalSection
	GlobalSection(SolutionProperties) = preSolution
		HideSolutionNode = FALSE
	EndGlobalSection
	GlobalSection(ExtensibilityGlobals) = postSolution
		SolutionGuid = {8F0C9622-7507-4481-9187-86CEED56AB42}
	EndGlobalSection
EndGlobal
